
Microsoft Visual Studio Solution File, Format Version 12.00
# Visual Studio 15
VisualStudioVersion = 15.0.28010.0
MinimumVisualStudioVersion = 10.0.40219.1
Project("{FAE04EC0-301F-11D3-BF4B-00C04F79EFBC}") = "SkaitiniaiMetodai2Laboratorinis", "SkaitiniaiMetodai2Laboratorinis\SkaitiniaiMetodai2Laboratorinis.csproj", "{DE433C68-7577-4D24-A70C-01C1B497577C}"
	ProjectSection(ProjectDependencies) = postProject
		{C6B53278-8C40-4907-A169-54D7561C4389} = {C6B53278-8C40-4907-A169-54D7561C4389}
	EndProjectSection
EndProject
Project("{FAE04EC0-301F-11D3-BF4B-00C04F79EFBC}") = "TriistrizainiuSistemuSprendimoLogikosProjektas", "TriistrizainiuSistemuSprendimoLogikosProjektas\TriistrizainiuSistemuSprendimoLogikosProjektas.csproj", "{C6B53278-8C40-4907-A169-54D7561C4389}"
EndProject
Project("{FAE04EC0-301F-11D3-BF4B-00C04F79EFBC}") = "SkaitiniaiMetodai2Laboratorinis2Dalis", "SkaitiniaiMetodai2Laboratorinis2Dalis\SkaitiniaiMetodai2Laboratorinis2Dalis.csproj", "{256E98E3-6E54-4AEC-9382-E642C0F0C866}"
EndProject
Global
	GlobalSection(SolutionConfigurationPlatforms) = preSolution
		Debug|Any CPU = Debug|Any CPU
		Release|Any CPU = Release|Any CPU
	EndGlobalSection
	GlobalSection(ProjectConfigurationPlatforms) = postSolution
		{DE433C68-7577-4D24-A70C-01C1B497577C}.Debug|Any CPU.ActiveCfg = Debug|Any CPU
		{DE433C68-7577-4D24-A70C-01C1B497577C}.Debug|Any CPU.Build.0 = Debug|Any CPU
		{DE433C68-7577-4D24-A70C-01C1B497577C}.Release|Any CPU.ActiveCfg = Release|Any CPU
		{DE433C68-7577-4D24-A70C-01C1B497577C}.Release|Any CPU.Build.0 = Release|Any CPU
		{C6B53278-8C40-4907-A169-54D7561C4389}.Debug|Any CPU.ActiveCfg = Debug|Any CPU
		{C6B53278-8C40-4907-A169-54D7561C4389}.Debug|Any CPU.Build.0 = Debug|Any CPU
		{C6B53278-8C40-4907-A169-54D7561C4389}.Release|Any CPU.ActiveCfg = Release|Any CPU
		{C6B53278-8C40-4907-A169-54D7561C4389}.Release|Any CPU.Build.0 = Release|Any CPU
		{256E98E3-6E54-4AEC-9382-E642C0F0C866}.Debug|Any CPU.ActiveCfg = Debug|Any CPU
		{256E98E3-6E54-4AEC-9382-E642C0F0C866}.Debug|Any CPU.Build.0 = Debug|Any CPU
		{256E98E3-6E54-4AEC-9382-E642C0F0C866}.Release|Any CPU.ActiveCfg = Release|Any CPU
		{256E98E3-6E54-4AEC-9382-E642C0F0C866}.Release|Any CPU.Build.0 = Release|Any CPU
	EndGlobalSection
	GlobalSection(SolutionProperties) = preSolution
		HideSolutionNode = FALSE
	EndGlobalSection
	GlobalSection(ExtensibilityGlobals) = postSolution
		SolutionGuid = {1846157C-2F73-4684-B447-1648D36B04D0}
	EndGlobalSection
EndGlobal
